Microsoft Visual Studio Solution File, Format Version 11.00
# Visual Studio 2008

Project("{1A22C060-EED5-D784-CC40-EBEC4C6F6908}") = "PlayMakerCustomActions_U4", "Assembly-CSharp-vs.csproj", "{AA0C95C3-F13B-759E-5C96-6A7B69181A5F}"
EndProject
Project("{1A22C060-EED5-D784-CC40-EBEC4C6F6908}") = "PlayMakerCustomActions_U4", "Assembly-CSharp-Editor-vs.csproj", "{A00C91E9-1961-0B97-D72F-4ADDED0B5D77}"
EndProject
Global
	GlobalSection(SolutionConfigurationPlatforms) = preSolution
		Debug|Any CPU = Debug|Any CPU
		Release|Any CPU = Release|Any CPU
	EndGlobalSection
	GlobalSection(ProjectConfigurationPlatforms) = postSolution
		{AA0C95C3-F13B-759E-5C96-6A7B69181A5F}.Debug|Any CPU.ActiveCfg = Debug|Any CPU
		{AA0C95C3-F13B-759E-5C96-6A7B69181A5F}.Debug|Any CPU.Build.0 = Debug|Any CPU
		{AA0C95C3-F13B-759E-5C96-6A7B69181A5F}.Release|Any CPU.ActiveCfg = Release|Any CPU
		{AA0C95C3-F13B-759E-5C96-6A7B69181A5F}.Release|Any CPU.Build.0 = Release|Any CPU
		{A00C91E9-1961-0B97-D72F-4ADDED0B5D77}.Debug|Any CPU.ActiveCfg = Debug|Any CPU
		{A00C91E9-1961-0B97-D72F-4ADDED0B5D77}.Debug|Any CPU.Build.0 = Debug|Any CPU
		{A00C91E9-1961-0B97-D72F-4ADDED0B5D77}.Release|Any CPU.ActiveCfg = Release|Any CPU
		{A00C91E9-1961-0B97-D72F-4ADDED0B5D77}.Release|Any CPU.Build.0 = Release|Any CPU
	EndGlobalSection
	GlobalSection(SolutionProperties) = preSolution
		HideSolutionNode = FALSE
	EndGlobalSection
																																																																																																																																																																																																																																																																		GlobalSection(MonoDevelopProperties) = preSolution
		StartupItem = Assembly-CSharp.csproj
		Policies = $0
		$0.TextStylePolicy = $1
		$1.inheritsSet = Mono
		$1.inheritsScope = text/plain
		$1.scope = text/x-csharp
		$0.CSharpFormattingPolicy = $2
		$2.inheritsSet = Mono
		$2.inheritsScope = text/x-csharp
		$2.scope = text/x-csharp
		$0.TextStylePolicy = $3
		$3.FileWidth = 120
		$3.TabWidth = 4
		$3.EolMarker = Unix
		$3.inheritsSet = Mono
		$3.inheritsScope = text/plain
		$3.scope = text/plain
		$0.DotNetNamingPolicy = $4
		$4.DirectoryNamespaceAssociation = None
		$4.ResourceNamePolicy = FileFormatDefault
	EndGlobalSection

EndGlobal
